
Microsoft Visual Studio Solution File, Format Version 12.00
# Visual Studio Version 16
VisualStudioVersion = 16.0.30104.148
MinimumVisualStudioVersion = 10.0.40219.1
Project("{9A19103F-16F7-4668-BE54-9A1E7A4F7556}") = "TEST-MASGLOBAL", "TEST-MASGLOBAL\TEST-MASGLOBAL.csproj", "{17D14F0E-D05E-4C97-B4B8-41D927882870}"
EndProject
Project("{9A19103F-16F7-4668-BE54-9A1E7A4F7556}") = "TEST-MASGLOBAL.DAL", "TEST-MASGLOBAL.DAL\TEST-MASGLOBAL.DAL.csproj", "{11A07F13-63E8-4450-ADD5-6651B7F82F4E}"
EndProject
Project("{9A19103F-16F7-4668-BE54-9A1E7A4F7556}") = "TEST-MASGLOBAL.BLL", "TEST-MASGLOBAL.BLL\TEST-MASGLOBAL.BLL.csproj", "{0E276975-365C-47E2-B242-6117FC5EEC51}"
EndProject
Project("{9A19103F-16F7-4668-BE54-9A1E7A4F7556}") = "TEST-MASGLOBAL.COMMON", "TEST-MASGLOBAL.COMMON\TEST-MASGLOBAL.COMMON.csproj", "{2D68E736-F287-475D-AB38-BD71DB15FB99}"
EndProject
Project("{FAE04EC0-301F-11D3-BF4B-00C04F79EFBC}") = "TEST_MASGLOBAL.TEST", "TEST_MASGLOBAL.TEST\TEST_MASGLOBAL.TEST.csproj", "{49752091-53D2-48A7-B44A-1FB8738901D0}"
EndProject
Global
	GlobalSection(SolutionConfigurationPlatforms) = preSolution
		Debug|Any CPU = Debug|Any CPU
		Release|Any CPU = Release|Any CPU
	EndGlobalSection
	GlobalSection(ProjectConfigurationPlatforms) = postSolution
		{17D14F0E-D05E-4C97-B4B8-41D927882870}.Debug|Any CPU.ActiveCfg = Debug|Any CPU
		{17D14F0E-D05E-4C97-B4B8-41D927882870}.Debug|Any CPU.Build.0 = Debug|Any CPU
		{17D14F0E-D05E-4C97-B4B8-41D927882870}.Release|Any CPU.ActiveCfg = Release|Any CPU
		{17D14F0E-D05E-4C97-B4B8-41D927882870}.Release|Any CPU.Build.0 = Release|Any CPU
		{11A07F13-63E8-4450-ADD5-6651B7F82F4E}.Debug|Any CPU.ActiveCfg = Debug|Any CPU
		{11A07F13-63E8-4450-ADD5-6651B7F82F4E}.Debug|Any CPU.Build.0 = Debug|Any CPU
		{11A07F13-63E8-4450-ADD5-6651B7F82F4E}.Release|Any CPU.ActiveCfg = Release|Any CPU
		{11A07F13-63E8-4450-ADD5-6651B7F82F4E}.Release|Any CPU.Build.0 = Release|Any CPU
		{0E276975-365C-47E2-B242-6117FC5EEC51}.Debug|Any CPU.ActiveCfg = Debug|Any CPU
		{0E276975-365C-47E2-B242-6117FC5EEC51}.Debug|Any CPU.Build.0 = Debug|Any CPU
		{0E276975-365C-47E2-B242-6117FC5EEC51}.Release|Any CPU.ActiveCfg = Release|Any CPU
		{0E276975-365C-47E2-B242-6117FC5EEC51}.Release|Any CPU.Build.0 = Release|Any CPU
		{2D68E736-F287-475D-AB38-BD71DB15FB99}.Debug|Any CPU.ActiveCfg = Debug|Any CPU
		{2D68E736-F287-475D-AB38-BD71DB15FB99}.Debug|Any CPU.Build.0 = Debug|Any CPU
		{2D68E736-F287-475D-AB38-BD71DB15FB99}.Release|Any CPU.ActiveCfg = Release|Any CPU
		{2D68E736-F287-475D-AB38-BD71DB15FB99}.Release|Any CPU.Build.0 = Release|Any CPU
		{49752091-53D2-48A7-B44A-1FB8738901D0}.Debug|Any CPU.ActiveCfg = Debug|Any CPU
		{49752091-53D2-48A7-B44A-1FB8738901D0}.Debug|Any CPU.Build.0 = Debug|Any CPU
		{49752091-53D2-48A7-B44A-1FB8738901D0}.Release|Any CPU.ActiveCfg = Release|Any CPU
		{49752091-53D2-48A7-B44A-1FB8738901D0}.Release|Any CPU.Build.0 = Release|Any CPU
	EndGlobalSection
	GlobalSection(SolutionProperties) = preSolution
		HideSolutionNode = FALSE
	EndGlobalSection
	GlobalSection(ExtensibilityGlobals) = postSolution
		SolutionGuid = {054FB2A5-448C-4A59-B3E4-F8EC99E610F6}
	EndGlobalSection
EndGlobal
